
Microsoft Visual Studio Solution File, Format Version 12.00
# Visual Studio Version 17
VisualStudioVersion = 17.7.34003.232
MinimumVisualStudioVersion = 10.0.40219.1
Project("{FAE04EC0-301F-11D3-BF4B-00C04F79EFBC}") = "Poperties and Autometic Properties_P27", "Poperties and Autometic Properties_P27\Poperties and Autometic Properties_P27.csproj", "{30DBCB86-D23A-4FD5-BE19-0E5ED01F36BA}"
EndProject
Global
	GlobalSection(SolutionConfigurationPlatforms) = preSolution
		Debug|Any CPU = Debug|Any CPU
		Release|Any CPU = Release|Any CPU
	EndGlobalSection
	GlobalSection(ProjectConfigurationPlatforms) = postSolution
		{30DBCB86-D23A-4FD5-BE19-0E5ED01F36BA}.Debug|Any CPU.ActiveCfg = Debug|Any CPU
		{30DBCB86-D23A-4FD5-BE19-0E5ED01F36BA}.Debug|Any CPU.Build.0 = Debug|Any CPU
		{30DBCB86-D23A-4FD5-BE19-0E5ED01F36BA}.Release|Any CPU.ActiveCfg = Release|Any CPU
		{30DBCB86-D23A-4FD5-BE19-0E5ED01F36BA}.Release|Any CPU.Build.0 = Release|Any CPU
	EndGlobalSection
	GlobalSection(SolutionProperties) = preSolution
		HideSolutionNode = FALSE
	EndGlobalSection
	GlobalSection(ExtensibilityGlobals) = postSolution
		SolutionGuid = {EA79F5D0-1934-418E-A68E-38115AC7975E}
	EndGlobalSection
EndGlobal
