
Microsoft Visual Studio Solution File, Format Version 12.00
# Visual Studio Version 17
VisualStudioVersion = 17.7.34003.232
MinimumVisualStudioVersion = 10.0.40219.1
Project("{FAE04EC0-301F-11D3-BF4B-00C04F79EFBC}") = "Static_And_Instance_Member_P20", "Static_And_Instance_Member_P20\Static_And_Instance_Member_P20.csproj", "{27804D36-C3EB-4705-A6E9-4C14E338044E}"
EndProject
Global
	GlobalSection(SolutionConfigurationPlatforms) = preSolution
		Debug|Any CPU = Debug|Any CPU
		Release|Any CPU = Release|Any CPU
	EndGlobalSection
	GlobalSection(ProjectConfigurationPlatforms) = postSolution
		{27804D36-C3EB-4705-A6E9-4C14E338044E}.Debug|Any CPU.ActiveCfg = Debug|Any CPU
		{27804D36-C3EB-4705-A6E9-4C14E338044E}.Debug|Any CPU.Build.0 = Debug|Any CPU
		{27804D36-C3EB-4705-A6E9-4C14E338044E}.Release|Any CPU.ActiveCfg = Release|Any CPU
		{27804D36-C3EB-4705-A6E9-4C14E338044E}.Release|Any CPU.Build.0 = Release|Any CPU
	EndGlobalSection
	GlobalSection(SolutionProperties) = preSolution
		HideSolutionNode = FALSE
	EndGlobalSection
	GlobalSection(ExtensibilityGlobals) = postSolution
		SolutionGuid = {72452479-52D9-4A60-BB21-CDD8CE731D73}
	EndGlobalSection
EndGlobal
