
Microsoft Visual Studio Solution File, Format Version 12.00
# Visual Studio Version 17
VisualStudioVersion = 17.7.34003.232
MinimumVisualStudioVersion = 10.0.40219.1
Project("{FAE04EC0-301F-11D3-BF4B-00C04F79EFBC}") = "Do_While_Loop_P14", "Do_While_Loop_P14\Do_While_Loop_P14.csproj", "{90C31C14-1967-4336-8714-2BA7E9F62CCC}"
EndProject
Global
	GlobalSection(SolutionConfigurationPlatforms) = preSolution
		Debug|Any CPU = Debug|Any CPU
		Release|Any CPU = Release|Any CPU
	EndGlobalSection
	GlobalSection(ProjectConfigurationPlatforms) = postSolution
		{90C31C14-1967-4336-8714-2BA7E9F62CCC}.Debug|Any CPU.ActiveCfg = Debug|Any CPU
		{90C31C14-1967-4336-8714-2BA7E9F62CCC}.Debug|Any CPU.Build.0 = Debug|Any CPU
		{90C31C14-1967-4336-8714-2BA7E9F62CCC}.Release|Any CPU.ActiveCfg = Release|Any CPU
		{90C31C14-1967-4336-8714-2BA7E9F62CCC}.Release|Any CPU.Build.0 = Release|Any CPU
	EndGlobalSection
	GlobalSection(SolutionProperties) = preSolution
		HideSolutionNode = FALSE
	EndGlobalSection
	GlobalSection(ExtensibilityGlobals) = postSolution
		SolutionGuid = {E9F672F3-DDA2-4FF1-9AA8-134F8A861635}
	EndGlobalSection
EndGlobal
