
Microsoft Visual Studio Solution File, Format Version 12.00
# Visual Studio Version 17
VisualStudioVersion = 17.7.34003.232
MinimumVisualStudioVersion = 10.0.40219.1
Project("{FAE04EC0-301F-11D3-BF4B-00C04F79EFBC}") = "Struct in C#_P28", "Struct in C#_P28\Struct in C#_P28.csproj", "{6E500E4D-C7F0-42B1-86F1-8F476B5100CA}"
EndProject
Global
	GlobalSection(SolutionConfigurationPlatforms) = preSolution
		Debug|Any CPU = Debug|Any CPU
		Release|Any CPU = Release|Any CPU
	EndGlobalSection
	GlobalSection(ProjectConfigurationPlatforms) = postSolution
		{6E500E4D-C7F0-42B1-86F1-8F476B5100CA}.Debug|Any CPU.ActiveCfg = Debug|Any CPU
		{6E500E4D-C7F0-42B1-86F1-8F476B5100CA}.Debug|Any CPU.Build.0 = Debug|Any CPU
		{6E500E4D-C7F0-42B1-86F1-8F476B5100CA}.Release|Any CPU.ActiveCfg = Release|Any CPU
		{6E500E4D-C7F0-42B1-86F1-8F476B5100CA}.Release|Any CPU.Build.0 = Release|Any CPU
	EndGlobalSection
	GlobalSection(SolutionProperties) = preSolution
		HideSolutionNode = FALSE
	EndGlobalSection
	GlobalSection(ExtensibilityGlobals) = postSolution
		SolutionGuid = {C48B23DF-C9B7-4D60-B049-3E0F447B7F84}
	EndGlobalSection
EndGlobal
