
Microsoft Visual Studio Solution File, Format Version 12.00
# Visual Studio Version 17
VisualStudioVersion = 17.7.34003.232
MinimumVisualStudioVersion = 10.0.40219.1
Project("{FAE04EC0-301F-11D3-BF4B-00C04F79EFBC}") = "Abstract_P32", "Abstract_P32\Abstract_P32.csproj", "{057E5CEB-A7FE-464F-9CAF-F4998ECDE835}"
EndProject
Global
	GlobalSection(SolutionConfigurationPlatforms) = preSolution
		Debug|Any CPU = Debug|Any CPU
		Release|Any CPU = Release|Any CPU
	EndGlobalSection
	GlobalSection(ProjectConfigurationPlatforms) = postSolution
		{057E5CEB-A7FE-464F-9CAF-F4998ECDE835}.Debug|Any CPU.ActiveCfg = Debug|Any CPU
		{057E5CEB-A7FE-464F-9CAF-F4998ECDE835}.Debug|Any CPU.Build.0 = Debug|Any CPU
		{057E5CEB-A7FE-464F-9CAF-F4998ECDE835}.Release|Any CPU.ActiveCfg = Release|Any CPU
		{057E5CEB-A7FE-464F-9CAF-F4998ECDE835}.Release|Any CPU.Build.0 = Release|Any CPU
	EndGlobalSection
	GlobalSection(SolutionProperties) = preSolution
		HideSolutionNode = FALSE
	EndGlobalSection
	GlobalSection(ExtensibilityGlobals) = postSolution
		SolutionGuid = {8FBC9802-1D3C-41EA-80D7-CB25A606A3AA}
	EndGlobalSection
EndGlobal
