
Microsoft Visual Studio Solution File, Format Version 12.00
# Visual Studio Version 17
VisualStudioVersion = 17.7.34003.232
MinimumVisualStudioVersion = 10.0.40219.1
Project("{FAE04EC0-301F-11D3-BF4B-00C04F79EFBC}") = "For_And_Foreach_loop_P15", "For_And_Foreach_loop_P15\For_And_Foreach_loop_P15.csproj", "{C861D605-A877-4E8B-A1A5-B2F3D1E9A316}"
EndProject
Global
	GlobalSection(SolutionConfigurationPlatforms) = preSolution
		Debug|Any CPU = Debug|Any CPU
		Release|Any CPU = Release|Any CPU
	EndGlobalSection
	GlobalSection(ProjectConfigurationPlatforms) = postSolution
		{C861D605-A877-4E8B-A1A5-B2F3D1E9A316}.Debug|Any CPU.ActiveCfg = Debug|Any CPU
		{C861D605-A877-4E8B-A1A5-B2F3D1E9A316}.Debug|Any CPU.Build.0 = Debug|Any CPU
		{C861D605-A877-4E8B-A1A5-B2F3D1E9A316}.Release|Any CPU.ActiveCfg = Release|Any CPU
		{C861D605-A877-4E8B-A1A5-B2F3D1E9A316}.Release|Any CPU.Build.0 = Release|Any CPU
	EndGlobalSection
	GlobalSection(SolutionProperties) = preSolution
		HideSolutionNode = FALSE
	EndGlobalSection
	GlobalSection(ExtensibilityGlobals) = postSolution
		SolutionGuid = {866B9A79-0E38-4448-8837-148A814144AA}
	EndGlobalSection
EndGlobal
